
Microsoft Visual Studio Solution File, Format Version 12.00
# Visual Studio 15
VisualStudioVersion = 15.0.27428.2027
MinimumVisualStudioVersion = 10.0.40219.1
Project("{2150E333-8FDC-42A3-9474-1A3956D46DE8}") = "1 - Presentation", "1 - Presentation", "{5433AED7-0EE1-444A-97FF-D9A3756DD3AA}"
EndProject
Project("{2150E333-8FDC-42A3-9474-1A3956D46DE8}") = "2 - Services", "2 - Services", "{79C7844D-FA83-4AC7-9C10-55FA88525AF8}"
EndProject
Project("{2150E333-8FDC-42A3-9474-1A3956D46DE8}") = "3 - Application", "3 - Application", "{C5B050D2-BA58-4065-AC5E-A118EF8C2B32}"
EndProject
Project("{2150E333-8FDC-42A3-9474-1A3956D46DE8}") = "4 - Domain", "4 - Domain", "{55F10A25-635A-4F6F-B23A-173B078EAEAE}"
EndProject
Project("{2150E333-8FDC-42A3-9474-1A3956D46DE8}") = "5 - Infra", "5 - Infra", "{934C0D37-642E-456F-8B2E-5CC1FB319BC1}"
EndProject
Project("{2150E333-8FDC-42A3-9474-1A3956D46DE8}") = "5.1 - Data", "5.1 - Data", "{FEFB3CB0-5F2C-4344-8099-471738572D29}"
EndProject
Project("{2150E333-8FDC-42A3-9474-1A3956D46DE8}") = "5.2 - CrossCutting", "5.2 - CrossCutting", "{8D0FE99C-E7CB-4F1C-8D83-55C6D188A9F3}"
EndProject
Project("{FAE04EC0-301F-11D3-BF4B-00C04F79EFBC}") = "EP.CursoMvc.UI.Mvc", "src\EP.CursoMvc.UI.Mvc\EP.CursoMvc.UI.Mvc.csproj", "{B5C6F2EB-8FB1-450C-9489-0280C86D97D4}"
EndProject
Project("{FAE04EC0-301F-11D3-BF4B-00C04F79EFBC}") = "EP.CursoMvc.Domain", "src\EP.CursoMvc.Domain\EP.CursoMvc.Domain.csproj", "{622528AF-6221-48E0-82BE-4224A0DDB632}"
EndProject
Project("{FAE04EC0-301F-11D3-BF4B-00C04F79EFBC}") = "EP.CursoMvc.Infra.Data", "src\EP.CursoMvc.Infra.Data\EP.CursoMvc.Infra.Data.csproj", "{5F831AEC-69EC-4D6F-8808-AA3CD2C71141}"
EndProject
Project("{FAE04EC0-301F-11D3-BF4B-00C04F79EFBC}") = "EP.CursoMvc.Application", "src\EP.CursoMvc.Application\EP.CursoMvc.Application.csproj", "{B93B8C46-0793-42F7-9595-2A2FE7AE74C7}"
EndProject
Project("{FAE04EC0-301F-11D3-BF4B-00C04F79EFBC}") = "EP.CursoMvc.Infra.CrossCutting.MvcFilters", "src\EP.CursoMvc.Infra.CrossCutting.MvcFilters\EP.CursoMvc.Infra.CrossCutting.MvcFilters.csproj", "{026168E3-FCC3-4911-B6CF-8ACAFF0EEC59}"
EndProject
Project("{FAE04EC0-301F-11D3-BF4B-00C04F79EFBC}") = "EP.CursoMvc.Infra.CrossCutting.IoC", "EP.CursoMvc.Infra.CrossCutting.IoC\EP.CursoMvc.Infra.CrossCutting.IoC.csproj", "{88584024-B1EE-4C2E-BC63-BDCABB7EC796}"
EndProject
Project("{FAE04EC0-301F-11D3-BF4B-00C04F79EFBC}") = "EP.CursoMvc.Domain.Tests", "tests\EP.CursoMvc.Domain.Tests\EP.CursoMvc.Domain.Tests.csproj", "{0FA4AFE8-7DEC-47D2-99E1-A7F67232428A}"
EndProject
Global
	GlobalSection(SolutionConfigurationPlatforms) = preSolution
		Debug|Any CPU = Debug|Any CPU
		Release|Any CPU = Release|Any CPU
	EndGlobalSection
	GlobalSection(ProjectConfigurationPlatforms) = postSolution
		{B5C6F2EB-8FB1-450C-9489-0280C86D97D4}.Debug|Any CPU.ActiveCfg = Debug|Any CPU
		{B5C6F2EB-8FB1-450C-9489-0280C86D97D4}.Debug|Any CPU.Build.0 = Debug|Any CPU
		{B5C6F2EB-8FB1-450C-9489-0280C86D97D4}.Release|Any CPU.ActiveCfg = Release|Any CPU
		{B5C6F2EB-8FB1-450C-9489-0280C86D97D4}.Release|Any CPU.Build.0 = Release|Any CPU
		{622528AF-6221-48E0-82BE-4224A0DDB632}.Debug|Any CPU.ActiveCfg = Debug|Any CPU
		{622528AF-6221-48E0-82BE-4224A0DDB632}.Debug|Any CPU.Build.0 = Debug|Any CPU
		{622528AF-6221-48E0-82BE-4224A0DDB632}.Release|Any CPU.ActiveCfg = Release|Any CPU
		{622528AF-6221-48E0-82BE-4224A0DDB632}.Release|Any CPU.Build.0 = Release|Any CPU
		{5F831AEC-69EC-4D6F-8808-AA3CD2C71141}.Debug|Any CPU.ActiveCfg = Debug|Any CPU
		{5F831AEC-69EC-4D6F-8808-AA3CD2C71141}.Debug|Any CPU.Build.0 = Debug|Any CPU
		{5F831AEC-69EC-4D6F-8808-AA3CD2C71141}.Release|Any CPU.ActiveCfg = Release|Any CPU
		{5F831AEC-69EC-4D6F-8808-AA3CD2C71141}.Release|Any CPU.Build.0 = Release|Any CPU
		{B93B8C46-0793-42F7-9595-2A2FE7AE74C7}.Debug|Any CPU.ActiveCfg = Debug|Any CPU
		{B93B8C46-0793-42F7-9595-2A2FE7AE74C7}.Debug|Any CPU.Build.0 = Debug|Any CPU
		{B93B8C46-0793-42F7-9595-2A2FE7AE74C7}.Release|Any CPU.ActiveCfg = Release|Any CPU
		{B93B8C46-0793-42F7-9595-2A2FE7AE74C7}.Release|Any CPU.Build.0 = Release|Any CPU
		{026168E3-FCC3-4911-B6CF-8ACAFF0EEC59}.Debug|Any CPU.ActiveCfg = Debug|Any CPU
		{026168E3-FCC3-4911-B6CF-8ACAFF0EEC59}.Debug|Any CPU.Build.0 = Debug|Any CPU
		{026168E3-FCC3-4911-B6CF-8ACAFF0EEC59}.Release|Any CPU.ActiveCfg = Release|Any CPU
		{026168E3-FCC3-4911-B6CF-8ACAFF0EEC59}.Release|Any CPU.Build.0 = Release|Any CPU
		{88584024-B1EE-4C2E-BC63-BDCABB7EC796}.Debug|Any CPU.ActiveCfg = Debug|Any CPU
		{88584024-B1EE-4C2E-BC63-BDCABB7EC796}.Debug|Any CPU.Build.0 = Debug|Any CPU
		{88584024-B1EE-4C2E-BC63-BDCABB7EC796}.Release|Any CPU.ActiveCfg = Release|Any CPU
		{88584024-B1EE-4C2E-BC63-BDCABB7EC796}.Release|Any CPU.Build.0 = Release|Any CPU
		{0FA4AFE8-7DEC-47D2-99E1-A7F67232428A}.Debug|Any CPU.ActiveCfg = Debug|Any CPU
		{0FA4AFE8-7DEC-47D2-99E1-A7F67232428A}.Debug|Any CPU.Build.0 = Debug|Any CPU
		{0FA4AFE8-7DEC-47D2-99E1-A7F67232428A}.Release|Any CPU.ActiveCfg = Release|Any CPU
		{0FA4AFE8-7DEC-47D2-99E1-A7F67232428A}.Release|Any CPU.Build.0 = Release|Any CPU
	EndGlobalSection
	GlobalSection(SolutionProperties) = preSolution
		HideSolutionNode = FALSE
	EndGlobalSection
	GlobalSection(NestedProjects) = preSolution
		{FEFB3CB0-5F2C-4344-8099-471738572D29} = {934C0D37-642E-456F-8B2E-5CC1FB319BC1}
		{8D0FE99C-E7CB-4F1C-8D83-55C6D188A9F3} = {934C0D37-642E-456F-8B2E-5CC1FB319BC1}
		{B5C6F2EB-8FB1-450C-9489-0280C86D97D4} = {5433AED7-0EE1-444A-97FF-D9A3756DD3AA}
		{622528AF-6221-48E0-82BE-4224A0DDB632} = {55F10A25-635A-4F6F-B23A-173B078EAEAE}
		{5F831AEC-69EC-4D6F-8808-AA3CD2C71141} = {FEFB3CB0-5F2C-4344-8099-471738572D29}
		{B93B8C46-0793-42F7-9595-2A2FE7AE74C7} = {C5B050D2-BA58-4065-AC5E-A118EF8C2B32}
		{026168E3-FCC3-4911-B6CF-8ACAFF0EEC59} = {8D0FE99C-E7CB-4F1C-8D83-55C6D188A9F3}
		{88584024-B1EE-4C2E-BC63-BDCABB7EC796} = {8D0FE99C-E7CB-4F1C-8D83-55C6D188A9F3}
		{0FA4AFE8-7DEC-47D2-99E1-A7F67232428A} = {55F10A25-635A-4F6F-B23A-173B078EAEAE}
	EndGlobalSection
	GlobalSection(ExtensibilityGlobals) = postSolution
		SolutionGuid = {E131D720-75C1-420F-9035-74F4494A7B4F}
	EndGlobalSection
EndGlobal
